
Microsoft Visual Studio Solution File, Format Version 12.00
# Visual Studio 14
VisualStudioVersion = 14.0.23107.0
MinimumVisualStudioVersion = 10.0.40219.1
Project("{FAE04EC0-301F-11D3-BF4B-00C04F79EFBC}") = "HW1_V.P_AMRO_ALRAAWI", "HW1_V.P_AMRO_ALRAAWI\HW1_V.P_AMRO_ALRAAWI.csproj", "{50267BED-8722-4A3F-B721-707E7DFD394C}"
EndProject
Global
	GlobalSection(SolutionConfigurationPlatforms) = preSolution
		Debug|Any CPU = Debug|Any CPU
		Release|Any CPU = Release|Any CPU
	EndGlobalSection
	GlobalSection(ProjectConfigurationPlatforms) = postSolution
		{50267BED-8722-4A3F-B721-707E7DFD394C}.Debug|Any CPU.ActiveCfg = Debug|Any CPU
		{50267BED-8722-4A3F-B721-707E7DFD394C}.Debug|Any CPU.Build.0 = Debug|Any CPU
		{50267BED-8722-4A3F-B721-707E7DFD394C}.Release|Any CPU.ActiveCfg = Release|Any CPU
		{50267BED-8722-4A3F-B721-707E7DFD394C}.Release|Any CPU.Build.0 = Release|Any CPU
	EndGlobalSection
	GlobalSection(SolutionProperties) = preSolution
		HideSolutionNode = FALSE
	EndGlobalSection
EndGlobal
